
Microsoft Visual Studio Solution File, Format Version 12.00
# Visual Studio 14
VisualStudioVersion = 14.0.23107.0
MinimumVisualStudioVersion = 10.0.40219.1
Project("{FAE04EC0-301F-11D3-BF4B-00C04F79EFBC}") = "DataPopulator", "DataPopulator\DataPopulator.csproj", "{36C4A674-EECD-43AB-A441-A45D938A72FD}"
EndProject
Project("{FAE04EC0-301F-11D3-BF4B-00C04F79EFBC}") = "NeuralNetworkLibrary", "NeuralNetworkLibrary\NeuralNetworkLibrary.csproj", "{062401E2-A888-430C-8062-242B89474AD2}"
EndProject
Global
	GlobalSection(SolutionConfigurationPlatforms) = preSolution
		Debug|Any CPU = Debug|Any CPU
		Release|Any CPU = Release|Any CPU
	EndGlobalSection
	GlobalSection(ProjectConfigurationPlatforms) = postSolution
		{36C4A674-EECD-43AB-A441-A45D938A72FD}.Debug|Any CPU.ActiveCfg = Debug|Any CPU
		{36C4A674-EECD-43AB-A441-A45D938A72FD}.Debug|Any CPU.Build.0 = Debug|Any CPU
		{36C4A674-EECD-43AB-A441-A45D938A72FD}.Release|Any CPU.ActiveCfg = Release|Any CPU
		{36C4A674-EECD-43AB-A441-A45D938A72FD}.Release|Any CPU.Build.0 = Release|Any CPU
		{062401E2-A888-430C-8062-242B89474AD2}.Debug|Any CPU.ActiveCfg = Debug|Any CPU
		{062401E2-A888-430C-8062-242B89474AD2}.Debug|Any CPU.Build.0 = Debug|Any CPU
		{062401E2-A888-430C-8062-242B89474AD2}.Release|Any CPU.ActiveCfg = Release|Any CPU
		{062401E2-A888-430C-8062-242B89474AD2}.Release|Any CPU.Build.0 = Release|Any CPU
	EndGlobalSection
	GlobalSection(SolutionProperties) = preSolution
		HideSolutionNode = FALSE
	EndGlobalSection
EndGlobal
